// !$*UTF8*$!
{
	archiveVersion = 1;
	classes = {
	};
	objectVersion = 48;
	objects = {

/* Begin PBXBuildFile section */
		C795C67D1F6FECFB001BEAE9 /* AppDelegate.swift in Sources */ = {isa = PBXBuildFile; fileRef = C795C67C1F6FECFB001BEAE9 /* AppDelegate.swift */; };
		C795C6841F6FECFB001BEAE9 /* Assets.xcassets in Resources */ = {isa = PBXBuildFile; fileRef = C795C6831F6FECFB001BEAE9 /* Assets.xcassets */; };
		C795C6961F6FF238001BEAE9 /* BAuthenticationView.xib in Resources */ = {isa = PBXBuildFile; fileRef = C795C6951F6FF238001BEAE9 /* BAuthenticationView.xib */; };
		C795C6981F6FF259001BEAE9 /* BAuthenticationViewController.swift in Sources */ = {isa = PBXBuildFile; fileRef = C795C6971F6FF259001BEAE9 /* BAuthenticationViewController.swift */; };
		C795C69A1F6FF3AF001BEAE9 /* BButton.swift in Sources */ = {isa = PBXBuildFile; fileRef = C795C6991F6FF3AF001BEAE9 /* BButton.swift */; };
		C795C6A01F6FF794001BEAE9 /* Localizable.strings in Resources */ = {isa = PBXBuildFile; fileRef = C795C6A21F6FF794001BEAE9 /* Localizable.strings */; };
		C795C6A81F700C2E001BEAE9 /* next_b@2x.png in Resources */ = {isa = PBXBuildFile; fileRef = C795C6A61F700C2E001BEAE9 /* next_b@2x.png */; };
		C795C6A91F700C2E001BEAE9 /* next_b@3x.png in Resources */ = {isa = PBXBuildFile; fileRef = C795C6A71F700C2E001BEAE9 /* next_b@3x.png */; };
		C795C6AB1F701052001BEAE9 /* BCountriesViewController.swift in Sources */ = {isa = PBXBuildFile; fileRef = C795C6AA1F701052001BEAE9 /* BCountriesViewController.swift */; };
		C795C6AD1F701071001BEAE9 /* BCountriesView.xib in Resources */ = {isa = PBXBuildFile; fileRef = C795C6AC1F701071001BEAE9 /* BCountriesView.xib */; };
		C795C6AF1F701183001BEAE9 /* BCountriesModel.swift in Sources */ = {isa = PBXBuildFile; fileRef = C795C6AE1F701183001BEAE9 /* BCountriesModel.swift */; };
		C795C6B31F7017B1001BEAE9 /* BCountryTableViewCell.swift in Sources */ = {isa = PBXBuildFile; fileRef = C795C6B11F7017B1001BEAE9 /* BCountryTableViewCell.swift */; };
		C795C6B41F7017B1001BEAE9 /* BCountryTableViewCell.xib in Resources */ = {isa = PBXBuildFile; fileRef = C795C6B21F7017B1001BEAE9 /* BCountryTableViewCell.xib */; };
/* End PBXBuildFile section */

/* Begin PBXFileReference section */
		C795C6791F6FECFB001BEAE9 /* budfox.app */ = {isa = PBXFileReference; explicitFileType = wrapper.application; includeInIndex = 0; path = budfox.app; sourceTree = BUILT_PRODUCTS_DIR; };
		C795C67C1F6FECFB001BEAE9 /* AppDelegate.swift */ = {isa = PBXFileReference; lastKnownFileType = sourcecode.swift; path = AppDelegate.swift; sourceTree = "<group>"; };
		C795C6831F6FECFB001BEAE9 /* Assets.xcassets */ = {isa = PBXFileReference; lastKnownFileType = folder.assetcatalog; path = Assets.xcassets; sourceTree = "<group>"; };
		C795C6881F6FECFB001BEAE9 /* Info.plist */ = {isa = PBXFileReference; lastKnownFileType = text.plist.xml; path = Info.plist; sourceTree = "<group>"; };
		C795C6951F6FF238001BEAE9 /* BAuthenticationView.xib */ = {isa = PBXFileReference; fileEncoding = 4; lastKnownFileType = file.xib; path = BAuthenticationView.xib; sourceTree = "<group>"; };
		C795C6971F6FF259001BEAE9 /* BAuthenticationViewController.swift */ = {isa = PBXFileReference; fileEncoding = 4; lastKnownFileType = sourcecode.swift; path = BAuthenticationViewController.swift; sourceTree = "<group>"; };
		C795C6991F6FF3AF001BEAE9 /* BButton.swift */ = {isa = PBXFileReference; fileEncoding = 4; lastKnownFileType = sourcecode.swift; path = BButton.swift; sourceTree = "<group>"; };
		C795C6A11F6FF794001BEAE9 /* en */ = {isa = PBXFileReference; lastKnownFileType = text.plist.strings; name = en; path = en.lproj/Localizable.strings; sourceTree = "<group>"; };
		C795C6A41F6FF7BF001BEAE9 /* ru */ = {isa = PBXFileReference; lastKnownFileType = text.plist.strings; name = ru; path = ru.lproj/Localizable.strings; sourceTree = "<group>"; };
		C795C6A61F700C2E001BEAE9 /* next_b@2x.png */ = {isa = PBXFileReference; lastKnownFileType = image.png; path = "next_b@2x.png"; sourceTree = "<group>"; };
		C795C6A71F700C2E001BEAE9 /* next_b@3x.png */ = {isa = PBXFileReference; lastKnownFileType = image.png; path = "next_b@3x.png"; sourceTree = "<group>"; };
		C795C6AA1F701052001BEAE9 /* BCountriesViewController.swift */ = {isa = PBXFileReference; fileEncoding = 4; lastKnownFileType = sourcecode.swift; path = BCountriesViewController.swift; sourceTree = "<group>"; };
		C795C6AC1F701071001BEAE9 /* BCountriesView.xib */ = {isa = PBXFileReference; fileEncoding = 4; lastKnownFileType = file.xib; path = BCountriesView.xib; sourceTree = "<group>"; };
		C795C6AE1F701183001BEAE9 /* BCountriesModel.swift */ = {isa = PBXFileReference; fileEncoding = 4; lastKnownFileType = sourcecode.swift; path = BCountriesModel.swift; sourceTree = "<group>"; };
		C795C6B11F7017B1001BEAE9 /* BCountryTableViewCell.swift */ = {isa = PBXFileReference; fileEncoding = 4; lastKnownFileType = sourcecode.swift; path = BCountryTableViewCell.swift; sourceTree = "<group>"; };
		C795C6B21F7017B1001BEAE9 /* BCountryTableViewCell.xib */ = {isa = PBXFileReference; fileEncoding = 4; lastKnownFileType = file.xib; path = BCountryTableViewCell.xib; sourceTree = "<group>"; };
/* End PBXFileReference section */

/* Begin PBXFrameworksBuildPhase section */
		C795C6761F6FECFB001BEAE9 /* Frameworks */ = {
			isa = PBXFrameworksBuildPhase;
			buildActionMask = 2147483647;
			files = (
			);
			runOnlyForDeploymentPostprocessing = 0;
		};
/* End PBXFrameworksBuildPhase section */

/* Begin PBXGroup section */
		C795C6701F6FECFB001BEAE9 = {
			isa = PBXGroup;
			children = (
				C795C67B1F6FECFB001BEAE9 /* budfox */,
				C795C67A1F6FECFB001BEAE9 /* Products */,
			);
			sourceTree = "<group>";
		};
		C795C67A1F6FECFB001BEAE9 /* Products */ = {
			isa = PBXGroup;
			children = (
				C795C6791F6FECFB001BEAE9 /* budfox.app */,
			);
			name = Products;
			sourceTree = "<group>";
		};
		C795C67B1F6FECFB001BEAE9 /* budfox */ = {
			isa = PBXGroup;
			children = (
				C795C67C1F6FECFB001BEAE9 /* AppDelegate.swift */,
				C795C6831F6FECFB001BEAE9 /* Assets.xcassets */,
				C795C6881F6FECFB001BEAE9 /* Info.plist */,
				C795C68E1F6FEDE9001BEAE9 /* model view controller */,
				C795C69B1F6FF76C001BEAE9 /* resources */,
				C795C6B01F701795001BEAE9 /* table view cells */,
				C795C6921F6FEDE9001BEAE9 /* utils */,
			);
			path = budfox;
			sourceTree = "<group>";
		};
		C795C68E1F6FEDE9001BEAE9 /* model view controller */ = {
			isa = PBXGroup;
			children = (
				C795C68F1F6FEDE9001BEAE9 /* controllers */,
				C795C6901F6FEDE9001BEAE9 /* models */,
				C795C6911F6FEDE9001BEAE9 /* views */,
			);
			path = "model view controller";
			sourceTree = "<group>";
		};
		C795C68F1F6FEDE9001BEAE9 /* controllers */ = {
			isa = PBXGroup;
			children = (
				C795C6971F6FF259001BEAE9 /* BAuthenticationViewController.swift */,
				C795C6AA1F701052001BEAE9 /* BCountriesViewController.swift */,
			);
			path = controllers;
			sourceTree = "<group>";
		};
		C795C6901F6FEDE9001BEAE9 /* models */ = {
			isa = PBXGroup;
			children = (
				C795C6AE1F701183001BEAE9 /* BCountriesModel.swift */,
			);
			path = models;
			sourceTree = "<group>";
		};
		C795C6911F6FEDE9001BEAE9 /* views */ = {
			isa = PBXGroup;
			children = (
				C795C6951F6FF238001BEAE9 /* BAuthenticationView.xib */,
				C795C6AC1F701071001BEAE9 /* BCountriesView.xib */,
			);
			path = views;
			sourceTree = "<group>";
		};
		C795C6921F6FEDE9001BEAE9 /* utils */ = {
			isa = PBXGroup;
			children = (
				C795C6991F6FF3AF001BEAE9 /* BButton.swift */,
			);
			path = utils;
			sourceTree = "<group>";
		};
		C795C69B1F6FF76C001BEAE9 /* resources */ = {
			isa = PBXGroup;
			children = (
				C795C69C1F6FF76C001BEAE9 /* images */,
				C795C69D1F6FF76C001BEAE9 /* localizable */,
			);
			path = resources;
			sourceTree = "<group>";
		};
		C795C69C1F6FF76C001BEAE9 /* images */ = {
			isa = PBXGroup;
			children = (
				C795C6A61F700C2E001BEAE9 /* next_b@2x.png */,
				C795C6A71F700C2E001BEAE9 /* next_b@3x.png */,
			);
			path = images;
			sourceTree = "<group>";
		};
		C795C69D1F6FF76C001BEAE9 /* localizable */ = {
			isa = PBXGroup;
			children = (
				C795C6A21F6FF794001BEAE9 /* Localizable.strings */,
			);
			path = localizable;
			sourceTree = "<group>";
		};
		C795C6B01F701795001BEAE9 /* table view cells */ = {
			isa = PBXGroup;
			children = (
				C795C6B11F7017B1001BEAE9 /* BCountryTableViewCell.swift */,
				C795C6B21F7017B1001BEAE9 /* BCountryTableViewCell.xib */,
			);
			path = "table view cells";
			sourceTree = "<group>";
		};
/* End PBXGroup section */

/* Begin PBXNativeTarget section */
		C795C6781F6FECFB001BEAE9 /* budfox */ = {
			isa = PBXNativeTarget;
			buildConfigurationList = C795C68B1F6FECFB001BEAE9 /* Build configuration list for PBXNativeTarget "budfox" */;
			buildPhases = (
				C795C6751F6FECFB001BEAE9 /* Sources */,
				C795C6761F6FECFB001BEAE9 /* Frameworks */,
				C795C6771F6FECFB001BEAE9 /* Resources */,
			);
			buildRules = (
			);
			dependencies = (
			);
			name = budfox;
			productName = budfox;
			productReference = C795C6791F6FECFB001BEAE9 /* budfox.app */;
			productType = "com.apple.product-type.application";
		};
/* End PBXNativeTarget section */

/* Begin PBXProject section */
		C795C6711F6FECFB001BEAE9 /* Project object */ = {
			isa = PBXProject;
			attributes = {
				CLASSPREFIX = B;
				LastSwiftUpdateCheck = 0830;
				LastUpgradeCheck = 0830;
				ORGANIZATIONNAME = "YOUROCK INC";
				TargetAttributes = {
					C795C6781F6FECFB001BEAE9 = {
						CreatedOnToolsVersion = 8.3.2;
						ProvisioningStyle = Automatic;
					};
				};
			};
			buildConfigurationList = C795C6741F6FECFB001BEAE9 /* Build configuration list for PBXProject "budfox" */;
			compatibilityVersion = "Xcode 8.0";
			developmentRegion = English;
			hasScannedForEncodings = 0;
			knownRegions = (
				en,
				ru,
			);
			mainGroup = C795C6701F6FECFB001BEAE9;
			productRefGroup = C795C67A1F6FECFB001BEAE9 /* Products */;
			projectDirPath = "";
			projectRoot = "";
			targets = (
				C795C6781F6FECFB001BEAE9 /* budfox */,
			);
		};
/* End PBXProject section */

/* Begin PBXResourcesBuildPhase section */
		C795C6771F6FECFB001BEAE9 /* Resources */ = {
			isa = PBXResourcesBuildPhase;
			buildActionMask = 2147483647;
			files = (
				C795C6AD1F701071001BEAE9 /* BCountriesView.xib in Resources */,
				C795C6A91F700C2E001BEAE9 /* next_b@3x.png in Resources */,
				C795C6A01F6FF794001BEAE9 /* Localizable.strings in Resources */,
				C795C6841F6FECFB001BEAE9 /* Assets.xcassets in Resources */,
				C795C6A81F700C2E001BEAE9 /* next_b@2x.png in Resources */,
				C795C6961F6FF238001BEAE9 /* BAuthenticationView.xib in Resources */,
				C795C6B41F7017B1001BEAE9 /* BCountryTableViewCell.xib in Resources */,
			);
			runOnlyForDeploymentPostprocessing = 0;
		};
/* End PBXResourcesBuildPhase section */

/* Begin PBXSourcesBuildPhase section */
		C795C6751F6FECFB001BEAE9 /* Sources */ = {
			isa = PBXSourcesBuildPhase;
			buildActionMask = 2147483647;
			files = (
				C795C6AF1F701183001BEAE9 /* BCountriesModel.swift in Sources */,
				C795C6B31F7017B1001BEAE9 /* BCountryTableViewCell.swift in Sources */,
				C795C67D1F6FECFB001BEAE9 /* AppDelegate.swift in Sources */,
				C795C69A1F6FF3AF001BEAE9 /* BButton.swift in Sources */,
				C795C6AB1F701052001BEAE9 /* BCountriesViewController.swift in Sources */,
				C795C6981F6FF259001BEAE9 /* BAuthenticationViewController.swift in Sources */,
			);
			runOnlyForDeploymentPostprocessing = 0;
		};
/* End PBXSourcesBuildPhase section */

/* Begin PBXVariantGroup section */
		C795C6A21F6FF794001BEAE9 /* Localizable.strings */ = {
			isa = PBXVariantGroup;
			children = (
				C795C6A11F6FF794001BEAE9 /* en */,
				C795C6A41F6FF7BF001BEAE9 /* ru */,
			);
			name = Localizable.strings;
			sourceTree = "<group>";
		};
/* End PBXVariantGroup section */

/* Begin XCBuildConfiguration section */
		C795C6891F6FECFB001BEAE9 /* Debug */ = {
			isa = XCBuildConfiguration;
			buildSettings = {
				ALWAYS_SEARCH_USER_PATHS = NO;
				CLANG_ANALYZER_LOCALIZABILITY_NONLOCALIZED = YES;
				CLANG_ANALYZER_NONNULL = YES;
				CLANG_ANALYZER_NUMBER_OBJECT_CONVERSION = YES_AGGRESSIVE;
				CLANG_CXX_LANGUAGE_STANDARD = "gnu++0x";
				CLANG_CXX_LIBRARY = "libc++";
				CLANG_ENABLE_MODULES = YES;
				CLANG_ENABLE_OBJC_ARC = YES;
				CLANG_WARN_BOOL_CONVERSION = YES;
				CLANG_WARN_CONSTANT_CONVERSION = YES;
				CLANG_WARN_DIRECT_OBJC_ISA_USAGE = YES_ERROR;
				CLANG_WARN_DOCUMENTATION_COMMENTS = YES;
				CLANG_WARN_EMPTY_BODY = YES;
				CLANG_WARN_ENUM_CONVERSION = YES;
				CLANG_WARN_INFINITE_RECURSION = YES;
				CLANG_WARN_INT_CONVERSION = YES;
				CLANG_WARN_OBJC_ROOT_CLASS = YES_ERROR;
				CLANG_WARN_SUSPICIOUS_MOVE = YES;
				CLANG_WARN_UNREACHABLE_CODE = YES;
				CLANG_WARN__DUPLICATE_METHOD_MATCH = YES;
				"CODE_SIGN_IDENTITY[sdk=iphoneos*]" = "iPhone Developer";
				COPY_PHASE_STRIP = NO;
				DEBUG_INFORMATION_FORMAT = dwarf;
				ENABLE_STRICT_OBJC_MSGSEND = YES;
				ENABLE_TESTABILITY = YES;
				GCC_C_LANGUAGE_STANDARD = gnu99;
				GCC_DYNAMIC_NO_PIC = NO;
				GCC_NO_COMMON_BLOCKS = YES;
				GCC_OPTIMIZATION_LEVEL = 0;
				GCC_PREPROCESSOR_DEFINITIONS = (
					"DEBUG=1",
					"$(inherited)",
				);
				GCC_WARN_64_TO_32_BIT_CONVERSION = YES;
				GCC_WARN_ABOUT_RETURN_TYPE = YES_ERROR;
				GCC_WARN_UNDECLARED_SELECTOR = YES;
				GCC_WARN_UNINITIALIZED_AUTOS = YES_AGGRESSIVE;
				GCC_WARN_UNUSED_FUNCTION = YES;
				GCC_WARN_UNUSED_VARIABLE = YES;
				IPHONEOS_DEPLOYMENT_TARGET = 10.3;
				MTL_ENABLE_DEBUG_INFO = YES;
				ONLY_ACTIVE_ARCH = YES;
				SDKROOT = iphoneos;
				SWIFT_ACTIVE_COMPILATION_CONDITIONS = DEBUG;
				SWIFT_OPTIMIZATION_LEVEL = "-Onone";
			};
			name = Debug;
		};
		C795C68A1F6FECFB001BEAE9 /* Release */ = {
			isa = XCBuildConfiguration;
			buildSettings = {
				ALWAYS_SEARCH_USER_PATHS = NO;
				CLANG_ANALYZER_LOCALIZABILITY_NONLOCALIZED = YES;
				CLANG_ANALYZER_NONNULL = YES;
				CLANG_ANALYZER_NUMBER_OBJECT_CONVERSION = YES_AGGRESSIVE;
				CLANG_CXX_LANGUAGE_STANDARD = "gnu++0x";
				CLANG_CXX_LIBRARY = "libc++";
				CLANG_ENABLE_MODULES = YES;
				CLANG_ENABLE_OBJC_ARC = YES;
				CLANG_WARN_BOOL_CONVERSION = YES;
				CLANG_WARN_CONSTANT_CONVERSION = YES;
				CLANG_WARN_DIRECT_OBJC_ISA_USAGE = YES_ERROR;
				CLANG_WARN_DOCUMENTATION_COMMENTS = YES;
				CLANG_WARN_EMPTY_BODY = YES;
				CLANG_WARN_ENUM_CONVERSION = YES;
				CLANG_WARN_INFINITE_RECURSION = YES;
				CLANG_WARN_INT_CONVERSION = YES;
				CLANG_WARN_OBJC_ROOT_CLASS = YES_ERROR;
				CLANG_WARN_SUSPICIOUS_MOVE = YES;
				CLANG_WARN_UNREACHABLE_CODE = YES;
				CLANG_WARN__DUPLICATE_METHOD_MATCH = YES;
				"CODE_SIGN_IDENTITY[sdk=iphoneos*]" = "iPhone Developer";
				COPY_PHASE_STRIP = NO;
				DEBUG_INFORMATION_FORMAT = "dwarf-with-dsym";
				ENABLE_NS_ASSERTIONS = NO;
				ENABLE_STRICT_OBJC_MSGSEND = YES;
				GCC_C_LANGUAGE_STANDARD = gnu99;
				GCC_NO_COMMON_BLOCKS = YES;
				GCC_WARN_64_TO_32_BIT_CONVERSION = YES;
				GCC_WARN_ABOUT_RETURN_TYPE = YES_ERROR;
				GCC_WARN_UNDECLARED_SELECTOR = YES;
				GCC_WARN_UNINITIALIZED_AUTOS = YES_AGGRESSIVE;
				GCC_WARN_UNUSED_FUNCTION = YES;
				GCC_WARN_UNUSED_VARIABLE = YES;
				IPHONEOS_DEPLOYMENT_TARGET = 10.3;
				MTL_ENABLE_DEBUG_INFO = NO;
				SDKROOT = iphoneos;
				SWIFT_OPTIMIZATION_LEVEL = "-Owholemodule";
				VALIDATE_PRODUCT = YES;
			};
			name = Release;
		};
		C795C68C1F6FECFB001BEAE9 /* Debug */ = {
			isa = XCBuildConfiguration;
			buildSettings = {
				ASSETCATALOG_COMPILER_APPICON_NAME = AppIcon;
				ASSETCATALOG_COMPILER_LAUNCHIMAGE_NAME = LaunchImage;
				DEVELOPMENT_TEAM = T2J773RMHH;
				INFOPLIST_FILE = budfox/Info.plist;
				IPHONEOS_DEPLOYMENT_TARGET = 10.0;
				LD_RUNPATH_SEARCH_PATHS = "$(inherited) @executable_path/Frameworks";
				PRODUCT_BUNDLE_IDENTIFIER = com.yourockinc.budfox;
				PRODUCT_NAME = "$(TARGET_NAME)";
				SWIFT_VERSION = 3.0;
			};
			name = Debug;
		};
		C795C68D1F6FECFB001BEAE9 /* Release */ = {
			isa = XCBuildConfiguration;
			buildSettings = {
				ASSETCATALOG_COMPILER_APPICON_NAME = AppIcon;
				ASSETCATALOG_COMPILER_LAUNCHIMAGE_NAME = LaunchImage;
				DEVELOPMENT_TEAM = T2J773RMHH;
				INFOPLIST_FILE = budfox/Info.plist;
				IPHONEOS_DEPLOYMENT_TARGET = 10.0;
				LD_RUNPATH_SEARCH_PATHS = "$(inherited) @executable_path/Frameworks";
				PRODUCT_BUNDLE_IDENTIFIER = com.yourockinc.budfox;
				PRODUCT_NAME = "$(TARGET_NAME)";
				SWIFT_VERSION = 3.0;
			};
			name = Release;
		};
/* End XCBuildConfiguration section */

/* Begin XCConfigurationList section */
		C795C6741F6FECFB001BEAE9 /* Build configuration list for PBXProject "budfox" */ = {
			isa = XCConfigurationList;
			buildConfigurations = (
				C795C6891F6FECFB001BEAE9 /* Debug */,
				C795C68A1F6FECFB001BEAE9 /* Release */,
			);
			defaultConfigurationIsVisible = 0;
			defaultConfigurationName = Release;
		};
		C795C68B1F6FECFB001BEAE9 /* Build configuration list for PBXNativeTarget "budfox" */ = {
			isa = XCConfigurationList;
			buildConfigurations = (
				C795C68C1F6FECFB001BEAE9 /* Debug */,
				C795C68D1F6FECFB001BEAE9 /* Release */,
			);
			defaultConfigurationIsVisible = 0;
			defaultConfigurationName = Release;
		};
/* End XCConfigurationList section */
	};
	rootObject = C795C6711F6FECFB001BEAE9 /* Project object */;
}
